{
  "version": 4,
  "terraform_version": "1.13.4",
  "serial": 50,
  "lineage": "2f992377-71aa-0393-81a7-dba7effe271f",
  "outputs": {
    "cluster_certificate_authority": {
      "value": "LS0tLS1CRUdJTiBDRVJUSUZJQ0FURS0tLS0tCk1JSURCVENDQWUyZ0F3SUJBZ0lJUzBCajZpQSswN2N3RFFZSktvWklodmNOQVFFTEJRQXdGVEVUTUJFR0ExVUUKQXhNS2EzVmlaWEp1WlhSbGN6QWVGdzB5TlRFeE1ETXdNalExTURoYUZ3MHpOVEV4TURFd01qVXdNRGhhTUJVeApFekFSQmdOVkJBTVRDbXQxWW1WeWJtVjBaWE13Z2dFaU1BMEdDU3FHU0liM0RRRUJBUVVBQTRJQkR3QXdnZ0VLCkFvSUJBUUNoSERTTG11TW9udXFiU3RMa3d1WXIrQm5ITWh5LzFkVElwb21BNmxpY1g4QnBXK3hLc3lwZ05NSncKeTQ5SGZLYUExTVpKRlR1UXcwOWpGaUFGRSswSldhcmFzWGNtd0RiVTVra0E3MU9iMHhkYmVYcE4xWFh5ZDNNQgpHUEliTUU2YVpGUDJiUlNtMGZvRXB2bWtxaDZmMFZ1dVRWVUhYMlZ3cEZRdzZvbzBPRkllOTlJNDdVTEpDWUpPCjFGaWdFS0pyVStyWjdPUU1IMWNUdmhVYm1FaVV1TmJrV0ZXMzFsMTJKTHZLMVpmay9yRy9UYzNjb3haNlFXZ28KalhkMTRmRUprcks3cXNzQWdycy9oRFNEamEzV0tzR0NNaUhjd1M4VzNDVlFaNVQ0V3phZDlzS2JJYTFwaVlIYwo4ZDVYNDlQZlljODlGTzlOUHlqSHhoK2puYm5IQWdNQkFBR2pXVEJYTUE0R0ExVWREd0VCL3dRRUF3SUNwREFQCkJnTlZIUk1CQWY4RUJUQURBUUgvTUIwR0ExVWREZ1FXQkJSRzZHZjZYQnJhM1dIanp6bGpiZzd4WDhuQWJEQVYKQmdOVkhSRUVEakFNZ2dwcmRXSmxjbTVsZEdWek1BMEdDU3FHU0liM0RRRUJDd1VBQTRJQkFRQUExL01nMkh0aApENllra2hxVzNjZlN4OUlyaVhyYzlCYzc4K3pINjExN1hBY0pFTWhwL1ZxZC90anZKRmRlTVpScjY2Y1F5R2w5ClNNbTcwQmR0MnZOMlcrVUo0TWpIajlFSkMrUmZwN2dqck5HTklNcFQrQ3hjNXEwcUt3cFNyUTkvUTBpT3dubzkKYVdLdGJRSjdubHF5Sm9qR0l1aWVUV2JRQm8yaFJpblJOcE53ckdSSEp5TjlsZy9jMW9lbUZZYUJYejhyV0hHcwp5NHU4aWFpUmozS3pOZTFtVVVIWWE5T2ZOS3NtZUNMb04zV3N1RFc2WE02aU9vdGcxWFgwMzJpVGVFc2REVWNXCjlISVBpQ09TYUkzaVdWQ3RQMzgzY3Fqckp6aDAyV0ZiZUxLdTF4ZUZqWHBOUmpEQ1liUEwvN01LRjloZUpkdDMKa0FCRzBvVjBGUXA3Ci0tLS0tRU5EIENFUlRJRklDQVRFLS0tLS0K",
      "type": "string",
      "sensitive": true
    },
    "cluster_endpoint": {
      "value": "https://D0C4E8A4F950AAA52D0E04449EC4BAAF.gr7.us-east-1.eks.amazonaws.com",
      "type": "string"
    },
    "cluster_name": {
      "value": "genai-devops-eks",
      "type": "string"
    },
    "kubeconfig_command": {
      "value": "aws eks --region us-east-1 update-kubeconfig --name genai-devops-eks",
      "type": "string"
    }
  },
  "resources": [
    {
      "mode": "data",
      "type": "aws_availability_zones",
      "name": "available",
      "provider": "provider[\"registry.terraform.io/hashicorp/aws\"]",
      "instances": [
        {
          "schema_version": 0,
          "attributes": {
            "all_availability_zones": null,
            "exclude_names": null,
            "exclude_zone_ids": null,
            "filter": null,
            "group_names": [
              "us-east-1-zg-1"
            ],
            "id": "us-east-1",
            "names": [
              "us-east-1a",
              "us-east-1b",
              "us-east-1c",
              "us-east-1d",
              "us-east-1e",
              "us-east-1f"
            ],
            "state": "available",
            "timeouts": null,
            "zone_ids": [
              "use1-az1",
              "use1-az2",
              "use1-az4",
              "use1-az6",
              "use1-az3",
              "use1-az5"
            ]
          },
          "sensitive_attributes": [],
          "identity_schema_version": 0
        }
      ]
    },
    {
      "mode": "data",
      "type": "aws_iam_policy_document",
      "name": "eks_assume_role",
      "provider": "provider[\"registry.terraform.io/hashicorp/aws\"]",
      "instances": [
        {
          "schema_version": 0,
          "attributes": {
            "id": "3552664922",
            "json": "{\n  \"Version\": \"2012-10-17\",\n  \"Statement\": [\n    {\n      \"Effect\": \"Allow\",\n      \"Action\": \"sts:AssumeRole\",\n      \"Principal\": {\n        \"Service\": \"eks.amazonaws.com\"\n      }\n    }\n  ]\n}",
            "minified_json": "{\"Version\":\"2012-10-17\",\"Statement\":[{\"Effect\":\"Allow\",\"Action\":\"sts:AssumeRole\",\"Principal\":{\"Service\":\"eks.amazonaws.com\"}}]}",
            "override_json": null,
            "override_policy_documents": null,
            "policy_id": null,
            "source_json": null,
            "source_policy_documents": null,
            "statement": [
              {
                "actions": [
                  "sts:AssumeRole"
                ],
                "condition": [],
                "effect": "Allow",
                "not_actions": [],
                "not_principals": [],
                "not_resources": [],
                "principals": [
                  {
                    "identifiers": [
                      "eks.amazonaws.com"
                    ],
                    "type": "Service"
                  }
                ],
                "resources": [],
                "sid": ""
              }
            ],
            "version": "2012-10-17"
          },
          "sensitive_attributes": [],
          "identity_schema_version": 0
        }
      ]
    },
    {
      "mode": "data",
      "type": "aws_iam_policy_document",
      "name": "fargate_assume_role",
      "provider": "provider[\"registry.terraform.io/hashicorp/aws\"]",
      "instances": [
        {
          "schema_version": 0,
          "attributes": {
            "id": "3016102342",
            "json": "{\n  \"Version\": \"2012-10-17\",\n  \"Statement\": [\n    {\n      \"Effect\": \"Allow\",\n      \"Action\": \"sts:AssumeRole\",\n      \"Principal\": {\n        \"Service\": \"eks-fargate-pods.amazonaws.com\"\n      }\n    }\n  ]\n}",
            "minified_json": "{\"Version\":\"2012-10-17\",\"Statement\":[{\"Effect\":\"Allow\",\"Action\":\"sts:AssumeRole\",\"Principal\":{\"Service\":\"eks-fargate-pods.amazonaws.com\"}}]}",
            "override_json": null,
            "override_policy_documents": null,
            "policy_id": null,
            "source_json": null,
            "source_policy_documents": null,
            "statement": [
              {
                "actions": [
                  "sts:AssumeRole"
                ],
                "condition": [],
                "effect": "Allow",
                "not_actions": [],
                "not_principals": [],
                "not_resources": [],
                "principals": [
                  {
                    "identifiers": [
                      "eks-fargate-pods.amazonaws.com"
                    ],
                    "type": "Service"
                  }
                ],
                "resources": [],
                "sid": ""
              }
            ],
            "version": "2012-10-17"
          },
          "sensitive_attributes": [],
          "identity_schema_version": 0
        }
      ]
    },
    {
      "mode": "data",
      "type": "aws_iam_policy_document",
      "name": "node_group_assume_role",
      "provider": "provider[\"registry.terraform.io/hashicorp/aws\"]",
      "instances": [
        {
          "schema_version": 0,
          "attributes": {
            "id": "2851119427",
            "json": "{\n  \"Version\": \"2012-10-17\",\n  \"Statement\": [\n    {\n      \"Effect\": \"Allow\",\n      \"Action\": \"sts:AssumeRole\",\n      \"Principal\": {\n        \"Service\": \"ec2.amazonaws.com\"\n      }\n    }\n  ]\n}",
            "minified_json": "{\"Version\":\"2012-10-17\",\"Statement\":[{\"Effect\":\"Allow\",\"Action\":\"sts:AssumeRole\",\"Principal\":{\"Service\":\"ec2.amazonaws.com\"}}]}",
            "override_json": null,
            "override_policy_documents": null,
            "policy_id": null,
            "source_json": null,
            "source_policy_documents": null,
            "statement": [
              {
                "actions": [
                  "sts:AssumeRole"
                ],
                "condition": [],
                "effect": "Allow",
                "not_actions": [],
                "not_principals": [],
                "not_resources": [],
                "principals": [
                  {
                    "identifiers": [
                      "ec2.amazonaws.com"
                    ],
                    "type": "Service"
                  }
                ],
                "resources": [],
                "sid": ""
              }
            ],
            "version": "2012-10-17"
          },
          "sensitive_attributes": [],
          "identity_schema_version": 0
        }
      ]
    },
    {
      "mode": "managed",
      "type": "aws_eks_cluster",
      "name": "this",
      "provider": "provider[\"registry.terraform.io/hashicorp/aws\"]",
      "instances": [
        {
          "schema_version": 1,
          "attributes": {
            "access_config": [
              {
                "authentication_mode": "CONFIG_MAP",
                "bootstrap_cluster_creator_admin_permissions": true
              }
            ],
            "arn": "arn:aws:eks:us-east-1:403277717302:cluster/genai-devops-eks",
            "bootstrap_self_managed_addons": true,
            "certificate_authority": [
              {
                "data": "LS0tLS1CRUdJTiBDRVJUSUZJQ0FURS0tLS0tCk1JSURCVENDQWUyZ0F3SUJBZ0lJUzBCajZpQSswN2N3RFFZSktvWklodmNOQVFFTEJRQXdGVEVUTUJFR0ExVUUKQXhNS2EzVmlaWEp1WlhSbGN6QWVGdzB5TlRFeE1ETXdNalExTURoYUZ3MHpOVEV4TURFd01qVXdNRGhhTUJVeApFekFSQmdOVkJBTVRDbXQxWW1WeWJtVjBaWE13Z2dFaU1BMEdDU3FHU0liM0RRRUJBUVVBQTRJQkR3QXdnZ0VLCkFvSUJBUUNoSERTTG11TW9udXFiU3RMa3d1WXIrQm5ITWh5LzFkVElwb21BNmxpY1g4QnBXK3hLc3lwZ05NSncKeTQ5SGZLYUExTVpKRlR1UXcwOWpGaUFGRSswSldhcmFzWGNtd0RiVTVra0E3MU9iMHhkYmVYcE4xWFh5ZDNNQgpHUEliTUU2YVpGUDJiUlNtMGZvRXB2bWtxaDZmMFZ1dVRWVUhYMlZ3cEZRdzZvbzBPRkllOTlJNDdVTEpDWUpPCjFGaWdFS0pyVStyWjdPUU1IMWNUdmhVYm1FaVV1TmJrV0ZXMzFsMTJKTHZLMVpmay9yRy9UYzNjb3haNlFXZ28KalhkMTRmRUprcks3cXNzQWdycy9oRFNEamEzV0tzR0NNaUhjd1M4VzNDVlFaNVQ0V3phZDlzS2JJYTFwaVlIYwo4ZDVYNDlQZlljODlGTzlOUHlqSHhoK2puYm5IQWdNQkFBR2pXVEJYTUE0R0ExVWREd0VCL3dRRUF3SUNwREFQCkJnTlZIUk1CQWY4RUJUQURBUUgvTUIwR0ExVWREZ1FXQkJSRzZHZjZYQnJhM1dIanp6bGpiZzd4WDhuQWJEQVYKQmdOVkhSRUVEakFNZ2dwcmRXSmxjbTVsZEdWek1BMEdDU3FHU0liM0RRRUJDd1VBQTRJQkFRQUExL01nMkh0aApENllra2hxVzNjZlN4OUlyaVhyYzlCYzc4K3pINjExN1hBY0pFTWhwL1ZxZC90anZKRmRlTVpScjY2Y1F5R2w5ClNNbTcwQmR0MnZOMlcrVUo0TWpIajlFSkMrUmZwN2dqck5HTklNcFQrQ3hjNXEwcUt3cFNyUTkvUTBpT3dubzkKYVdLdGJRSjdubHF5Sm9qR0l1aWVUV2JRQm8yaFJpblJOcE53ckdSSEp5TjlsZy9jMW9lbUZZYUJYejhyV0hHcwp5NHU4aWFpUmozS3pOZTFtVVVIWWE5T2ZOS3NtZUNMb04zV3N1RFc2WE02aU9vdGcxWFgwMzJpVGVFc2REVWNXCjlISVBpQ09TYUkzaVdWQ3RQMzgzY3Fqckp6aDAyV0ZiZUxLdTF4ZUZqWHBOUmpEQ1liUEwvN01LRjloZUpkdDMKa0FCRzBvVjBGUXA3Ci0tLS0tRU5EIENFUlRJRklDQVRFLS0tLS0K"
              }
            ],
            "cluster_id": null,
            "compute_config": [],
            "created_at": "2025-11-03T02:43:46Z",
            "enabled_cluster_log_types": [],
            "encryption_config": [],
            "endpoint": "https://D0C4E8A4F950AAA52D0E04449EC4BAAF.gr7.us-east-1.eks.amazonaws.com",
            "force_update_version": null,
            "id": "genai-devops-eks",
            "identity": [
              {
                "oidc": [
                  {
                    "issuer": "https://oidc.eks.us-east-1.amazonaws.com/id/D0C4E8A4F950AAA52D0E04449EC4BAAF"
                  }
                ]
              }
            ],
            "kubernetes_network_config": [
              {
                "elastic_load_balancing": [
                  {
                    "enabled": false
                  }
                ],
                "ip_family": "ipv4",
                "service_ipv4_cidr": "172.20.0.0/16",
                "service_ipv6_cidr": ""
              }
            ],
            "name": "genai-devops-eks",
            "outpost_config": [],
            "platform_version": "eks.6",
            "remote_network_config": [],
            "role_arn": "arn:aws:iam::403277717302:role/genai-devops-eks-cluster-role",
            "status": "ACTIVE",
            "storage_config": [],
            "tags": {},
            "tags_all": {
              "ManagedBy": "terraform",
              "Project": "genai-devops-eks"
            },
            "timeouts": null,
            "upgrade_policy": [
              {
                "support_type": "EXTENDED"
              }
            ],
            "version": "1.34",
            "vpc_config": [
              {
                "cluster_security_group_id": "sg-0c438a645a311ceb4",
                "endpoint_private_access": false,
                "endpoint_public_access": true,
                "public_access_cidrs": [
                  "0.0.0.0/0"
                ],
                "security_group_ids": [
                  "sg-0a1a1f1159f09a2e6"
                ],
                "subnet_ids": [
                  "subnet-087690da124906976",
                  "subnet-0aa8488d473360d9f",
                  "subnet-0b952259b3ec1fb6f",
                  "subnet-0ed8d7f6e297def40"
                ],
                "vpc_id": "vpc-0b6a5d5d7041908a4"
              }
            ],
            "zonal_shift_config": []
          },
          "sensitive_attributes": [],
          "identity_schema_version": 0,
          "private": "eyJlMmJmYjczMC1lY2FhLTExZTYtOGY4OC0zNDM2M2JjN2M0YzAiOnsiY3JlYXRlIjoxODAwMDAwMDAwMDAwLCJkZWxldGUiOjkwMDAwMDAwMDAwMCwidXBkYXRlIjozNjAwMDAwMDAwMDAwfSwic2NoZW1hX3ZlcnNpb24iOiIxIn0=",
          "dependencies": [
            "aws_iam_role.eks_cluster",
            "aws_iam_role_policy_attachment.eks_cluster_policy",
            "aws_iam_role_policy_attachment.eks_cluster_vpc_resource_controller",
            "aws_security_group.cluster",
            "aws_subnet.private",
            "aws_subnet.public",
            "aws_vpc.this",
            "data.aws_availability_zones.available",
            "data.aws_iam_policy_document.eks_assume_role"
          ]
        }
      ]
    },
    {
      "mode": "managed",
      "type": "aws_eks_fargate_profile",
      "name": "this",
      "provider": "provider[\"registry.terraform.io/hashicorp/aws\"]",
      "instances": [
        {
          "index_key": 0,
          "schema_version": 0,
          "attributes": {
            "arn": "arn:aws:eks:us-east-1:403277717302:fargateprofile/genai-devops-eks/genai-devops-eks-fargate/aacd23d7-46d7-10dd-ad12-69cb33608964",
            "cluster_name": "genai-devops-eks",
            "fargate_profile_name": "genai-devops-eks-fargate",
            "id": "genai-devops-eks:genai-devops-eks-fargate",
            "pod_execution_role_arn": "arn:aws:iam::403277717302:role/genai-devops-eks-fargate-role",
            "selector": [
              {
                "labels": {},
                "namespace": "default"
              },
              {
                "labels": {},
                "namespace": "kube-system"
              }
            ],
            "status": "ACTIVE",
            "subnet_ids": [
              "subnet-0b952259b3ec1fb6f",
              "subnet-0ed8d7f6e297def40"
            ],
            "tags": {},
            "tags_all": {
              "ManagedBy": "terraform",
              "Project": "genai-devops-eks"
            },
            "timeouts": null
          },
          "sensitive_attributes": [],
          "identity_schema_version": 0,
          "private": "eyJlMmJmYjczMC1lY2FhLTExZTYtOGY4OC0zNDM2M2JjN2M0YzAiOnsiY3JlYXRlIjo2MDAwMDAwMDAwMDAsImRlbGV0ZSI6NjAwMDAwMDAwMDAwfX0=",
          "dependencies": [
            "aws_eks_cluster.this",
            "aws_iam_role.eks_cluster",
            "aws_iam_role.fargate_pod_execution",
            "aws_iam_role_policy_attachment.eks_cluster_policy",
            "aws_iam_role_policy_attachment.eks_cluster_vpc_resource_controller",
            "aws_iam_role_policy_attachment.fargate_execution",
            "aws_security_group.cluster",
            "aws_subnet.private",
            "aws_subnet.public",
            "aws_vpc.this",
            "data.aws_availability_zones.available",
            "data.aws_iam_policy_document.eks_assume_role",
            "data.aws_iam_policy_document.fargate_assume_role"
          ]
        }
      ]
    },
    {
      "mode": "managed",
      "type": "aws_eks_node_group",
      "name": "spot",
      "provider": "provider[\"registry.terraform.io/hashicorp/aws\"]",
      "instances": [
        {
          "index_key": 0,
          "schema_version": 0,
          "attributes": {
            "ami_type": "AL2023_ARM_64_STANDARD",
            "arn": "arn:aws:eks:us-east-1:403277717302:nodegroup/genai-devops-eks/genai-devops-eks-spot/2ecd23f7-48bd-334a-36a6-370024e5b4bc",
            "capacity_type": "SPOT",
            "cluster_name": "genai-devops-eks",
            "disk_size": 20,
            "force_update_version": null,
            "id": "genai-devops-eks:genai-devops-eks-spot",
            "instance_types": [
              "t4g.small"
            ],
            "labels": null,
            "launch_template": [],
            "node_group_name": "genai-devops-eks-spot",
            "node_group_name_prefix": "",
            "node_repair_config": [],
            "node_role_arn": "arn:aws:iam::403277717302:role/genai-devops-eks-node-role",
            "release_version": "1.34.1-20251023",
            "remote_access": [],
            "resources": [
              {
                "autoscaling_groups": [
                  {
                    "name": "eks-genai-devops-eks-spot-2ecd23f7-48bd-334a-36a6-370024e5b4bc"
                  }
                ],
                "remote_access_security_group_id": ""
              }
            ],
            "scaling_config": [
              {
                "desired_size": 1,
                "max_size": 1,
                "min_size": 1
              }
            ],
            "status": "ACTIVE",
            "subnet_ids": [
              "subnet-087690da124906976",
              "subnet-0aa8488d473360d9f"
            ],
            "tags": {
              "Name": "genai-devops-eks-spot"
            },
            "tags_all": {
              "ManagedBy": "terraform",
              "Name": "genai-devops-eks-spot",
              "Project": "genai-devops-eks"
            },
            "taint": [],
            "timeouts": null,
            "update_config": [
              {
                "max_unavailable": 1,
                "max_unavailable_percentage": 0
              }
            ],
            "version": "1.34"
          },
          "sensitive_attributes": [],
          "identity_schema_version": 0,
          "private": "eyJlMmJmYjczMC1lY2FhLTExZTYtOGY4OC0zNDM2M2JjN2M0YzAiOnsiY3JlYXRlIjozNjAwMDAwMDAwMDAwLCJkZWxldGUiOjM2MDAwMDAwMDAwMDAsInVwZGF0ZSI6MzYwMDAwMDAwMDAwMH19",
          "dependencies": [
            "aws_eks_cluster.this",
            "aws_iam_role.eks_cluster",
            "aws_iam_role.node_group",
            "aws_iam_role_policy_attachment.eks_cluster_policy",
            "aws_iam_role_policy_attachment.eks_cluster_vpc_resource_controller",
            "aws_iam_role_policy_attachment.node_group_cni",
            "aws_iam_role_policy_attachment.node_group_ecr",
            "aws_iam_role_policy_attachment.node_group_worker",
            "aws_security_group.cluster",
            "aws_subnet.private",
            "aws_subnet.public",
            "aws_vpc.this",
            "data.aws_availability_zones.available",
            "data.aws_iam_policy_document.eks_assume_role",
            "data.aws_iam_policy_document.node_group_assume_role"
          ]
        }
      ]
    },
    {
      "mode": "managed",
      "type": "aws_iam_role",
      "name": "eks_cluster",
      "provider": "provider[\"registry.terraform.io/hashicorp/aws\"]",
      "instances": [
        {
          "schema_version": 0,
          "attributes": {
            "arn": "arn:aws:iam::403277717302:role/genai-devops-eks-cluster-role",
            "assume_role_policy": "{\"Statement\":[{\"Action\":\"sts:AssumeRole\",\"Effect\":\"Allow\",\"Principal\":{\"Service\":\"eks.amazonaws.com\"}}],\"Version\":\"2012-10-17\"}",
            "create_date": "2025-11-03T02:43:18Z",
            "description": "",
            "force_detach_policies": false,
            "id": "genai-devops-eks-cluster-role",
            "inline_policy": [],
            "managed_policy_arns": [
              "arn:aws:iam::aws:policy/AmazonEKSClusterPolicy",
              "arn:aws:iam::aws:policy/AmazonEKSVPCResourceController"
            ],
            "max_session_duration": 3600,
            "name": "genai-devops-eks-cluster-role",
            "name_prefix": "",
            "path": "/",
            "permissions_boundary": "",
            "tags": {},
            "tags_all": {
              "ManagedBy": "terraform",
              "Project": "genai-devops-eks"
            },
            "unique_id": "AROAV3ZJZT43A46G7YUQI"
          },
          "sensitive_attributes": [],
          "identity_schema_version": 0,
          "private": "bnVsbA==",
          "dependencies": [
            "data.aws_iam_policy_document.eks_assume_role"
          ]
        }
      ]
    },
    {
      "mode": "managed",
      "type": "aws_iam_role",
      "name": "fargate_pod_execution",
      "provider": "provider[\"registry.terraform.io/hashicorp/aws\"]",
      "instances": [
        {
          "schema_version": 0,
          "attributes": {
            "arn": "arn:aws:iam::403277717302:role/genai-devops-eks-fargate-role",
            "assume_role_policy": "{\"Statement\":[{\"Action\":\"sts:AssumeRole\",\"Effect\":\"Allow\",\"Principal\":{\"Service\":\"eks-fargate-pods.amazonaws.com\"}}],\"Version\":\"2012-10-17\"}",
            "create_date": "2025-11-03T02:43:18Z",
            "description": "",
            "force_detach_policies": false,
            "id": "genai-devops-eks-fargate-role",
            "inline_policy": [],
            "managed_policy_arns": [
              "arn:aws:iam::aws:policy/AmazonEKSFargatePodExecutionRolePolicy"
            ],
            "max_session_duration": 3600,
            "name": "genai-devops-eks-fargate-role",
            "name_prefix": "",
            "path": "/",
            "permissions_boundary": "",
            "tags": {},
            "tags_all": {
              "ManagedBy": "terraform",
              "Project": "genai-devops-eks"
            },
            "unique_id": "AROAV3ZJZT43LKNIL4X36"
          },
          "sensitive_attributes": [],
          "identity_schema_version": 0,
          "private": "bnVsbA==",
          "dependencies": [
            "data.aws_iam_policy_document.fargate_assume_role"
          ]
        }
      ]
    },
    {
      "mode": "managed",
      "type": "aws_iam_role",
      "name": "node_group",
      "provider": "provider[\"registry.terraform.io/hashicorp/aws\"]",
      "instances": [
        {
          "index_key": 0,
          "schema_version": 0,
          "attributes": {
            "arn": "arn:aws:iam::403277717302:role/genai-devops-eks-node-role",
            "assume_role_policy": "{\"Statement\":[{\"Action\":\"sts:AssumeRole\",\"Effect\":\"Allow\",\"Principal\":{\"Service\":\"ec2.amazonaws.com\"}}],\"Version\":\"2012-10-17\"}",
            "create_date": "2025-11-03T03:25:14Z",
            "description": "",
            "force_detach_policies": false,
            "id": "genai-devops-eks-node-role",
            "inline_policy": [],
            "managed_policy_arns": [
              "arn:aws:iam::aws:policy/AmazonEC2ContainerRegistryReadOnly",
              "arn:aws:iam::aws:policy/AmazonEKSWorkerNodePolicy",
              "arn:aws:iam::aws:policy/AmazonEKS_CNI_Policy"
            ],
            "max_session_duration": 3600,
            "name": "genai-devops-eks-node-role",
            "name_prefix": "",
            "path": "/",
            "permissions_boundary": "",
            "tags": {},
            "tags_all": {
              "ManagedBy": "terraform",
              "Project": "genai-devops-eks"
            },
            "unique_id": "AROAV3ZJZT43KAM3IBMUS"
          },
          "sensitive_attributes": [],
          "identity_schema_version": 0,
          "private": "bnVsbA==",
          "dependencies": [
            "data.aws_iam_policy_document.node_group_assume_role"
          ]
        }
      ]
    },
    {
      "mode": "managed",
      "type": "aws_iam_role_policy_attachment",
      "name": "eks_cluster_policy",
      "provider": "provider[\"registry.terraform.io/hashicorp/aws\"]",
      "instances": [
        {
          "schema_version": 0,
          "attributes": {
            "id": "genai-devops-eks-cluster-role-20251103024318870700000002",
            "policy_arn": "arn:aws:iam::aws:policy/AmazonEKSClusterPolicy",
            "role": "genai-devops-eks-cluster-role"
          },
          "sensitive_attributes": [],
          "identity_schema_version": 0,
          "private": "bnVsbA==",
          "dependencies": [
            "aws_iam_role.eks_cluster",
            "data.aws_iam_policy_document.eks_assume_role"
          ]
        }
      ]
    },
    {
      "mode": "managed",
      "type": "aws_iam_role_policy_attachment",
      "name": "eks_cluster_vpc_resource_controller",
      "provider": "provider[\"registry.terraform.io/hashicorp/aws\"]",
      "instances": [
        {
          "schema_version": 0,
          "attributes": {
            "id": "genai-devops-eks-cluster-role-20251103024318858300000001",
            "policy_arn": "arn:aws:iam::aws:policy/AmazonEKSVPCResourceController",
            "role": "genai-devops-eks-cluster-role"
          },
          "sensitive_attributes": [],
          "identity_schema_version": 0,
          "private": "bnVsbA==",
          "dependencies": [
            "aws_iam_role.eks_cluster",
            "data.aws_iam_policy_document.eks_assume_role"
          ]
        }
      ]
    },
    {
      "mode": "managed",
      "type": "aws_iam_role_policy_attachment",
      "name": "fargate_execution",
      "provider": "provider[\"registry.terraform.io/hashicorp/aws\"]",
      "instances": [
        {
          "schema_version": 0,
          "attributes": {
            "id": "genai-devops-eks-fargate-role-20251103024318966200000003",
            "policy_arn": "arn:aws:iam::aws:policy/AmazonEKSFargatePodExecutionRolePolicy",
            "role": "genai-devops-eks-fargate-role"
          },
          "sensitive_attributes": [],
          "identity_schema_version": 0,
          "private": "bnVsbA==",
          "dependencies": [
            "aws_iam_role.fargate_pod_execution",
            "data.aws_iam_policy_document.fargate_assume_role"
          ]
        }
      ]
    },
    {
      "mode": "managed",
      "type": "aws_iam_role_policy_attachment",
      "name": "node_group_cni",
      "provider": "provider[\"registry.terraform.io/hashicorp/aws\"]",
      "instances": [
        {
          "index_key": 0,
          "schema_version": 0,
          "attributes": {
            "id": "genai-devops-eks-node-role-20251103032515085500000003",
            "policy_arn": "arn:aws:iam::aws:policy/AmazonEKS_CNI_Policy",
            "role": "genai-devops-eks-node-role"
          },
          "sensitive_attributes": [],
          "identity_schema_version": 0,
          "private": "bnVsbA==",
          "dependencies": [
            "aws_iam_role.node_group",
            "data.aws_iam_policy_document.node_group_assume_role"
          ]
        }
      ]
    },
    {
      "mode": "managed",
      "type": "aws_iam_role_policy_attachment",
      "name": "node_group_ecr",
      "provider": "provider[\"registry.terraform.io/hashicorp/aws\"]",
      "instances": [
        {
          "index_key": 0,
          "schema_version": 0,
          "attributes": {
            "id": "genai-devops-eks-node-role-20251103032514933000000001",
            "policy_arn": "arn:aws:iam::aws:policy/AmazonEC2ContainerRegistryReadOnly",
            "role": "genai-devops-eks-node-role"
          },
          "sensitive_attributes": [],
          "identity_schema_version": 0,
          "private": "bnVsbA==",
          "dependencies": [
            "aws_iam_role.node_group",
            "data.aws_iam_policy_document.node_group_assume_role"
          ]
        }
      ]
    },
    {
      "mode": "managed",
      "type": "aws_iam_role_policy_attachment",
      "name": "node_group_worker",
      "provider": "provider[\"registry.terraform.io/hashicorp/aws\"]",
      "instances": [
        {
          "index_key": 0,
          "schema_version": 0,
          "attributes": {
            "id": "genai-devops-eks-node-role-20251103032515050000000002",
            "policy_arn": "arn:aws:iam::aws:policy/AmazonEKSWorkerNodePolicy",
            "role": "genai-devops-eks-node-role"
          },
          "sensitive_attributes": [],
          "identity_schema_version": 0,
          "private": "bnVsbA==",
          "dependencies": [
            "aws_iam_role.node_group",
            "data.aws_iam_policy_document.node_group_assume_role"
          ]
        }
      ]
    },
    {
      "mode": "managed",
      "type": "aws_internet_gateway",
      "name": "this",
      "provider": "provider[\"registry.terraform.io/hashicorp/aws\"]",
      "instances": [
        {
          "index_key": 0,
          "schema_version": 0,
          "attributes": {
            "arn": "arn:aws:ec2:us-east-1:403277717302:internet-gateway/igw-0f84a7b98288ec859",
            "id": "igw-0f84a7b98288ec859",
            "owner_id": "403277717302",
            "tags": {
              "Name": "genai-devops-eks-igw"
            },
            "tags_all": {
              "ManagedBy": "terraform",
              "Name": "genai-devops-eks-igw",
              "Project": "genai-devops-eks"
            },
            "timeouts": null,
            "vpc_id": "vpc-0b6a5d5d7041908a4"
          },
          "sensitive_attributes": [],
          "identity_schema_version": 0,
          "private": "eyJlMmJmYjczMC1lY2FhLTExZTYtOGY4OC0zNDM2M2JjN2M0YzAiOnsiY3JlYXRlIjoxMjAwMDAwMDAwMDAwLCJkZWxldGUiOjEyMDAwMDAwMDAwMDAsInVwZGF0ZSI6MTIwMDAwMDAwMDAwMH19",
          "dependencies": [
            "aws_vpc.this"
          ]
        }
      ]
    },
    {
      "mode": "managed",
      "type": "aws_route",
      "name": "public_internet",
      "provider": "provider[\"registry.terraform.io/hashicorp/aws\"]",
      "instances": [
        {
          "index_key": 0,
          "schema_version": 0,
          "attributes": {
            "carrier_gateway_id": "",
            "core_network_arn": "",
            "destination_cidr_block": "0.0.0.0/0",
            "destination_ipv6_cidr_block": "",
            "destination_prefix_list_id": "",
            "egress_only_gateway_id": "",
            "gateway_id": "igw-0f84a7b98288ec859",
            "id": "r-rtb-0aea693d23b5f493b1080289494",
            "instance_id": "",
            "instance_owner_id": "",
            "local_gateway_id": "",
            "nat_gateway_id": "",
            "network_interface_id": "",
            "origin": "CreateRoute",
            "route_table_id": "rtb-0aea693d23b5f493b",
            "state": "active",
            "timeouts": null,
            "transit_gateway_id": "",
            "vpc_endpoint_id": "",
            "vpc_peering_connection_id": ""
          },
          "sensitive_attributes": [],
          "identity_schema_version": 0,
          "private": "eyJlMmJmYjczMC1lY2FhLTExZTYtOGY4OC0zNDM2M2JjN2M0YzAiOnsiY3JlYXRlIjozMDAwMDAwMDAwMDAsImRlbGV0ZSI6MzAwMDAwMDAwMDAwLCJ1cGRhdGUiOjEyMDAwMDAwMDAwMH19",
          "dependencies": [
            "aws_internet_gateway.this",
            "aws_route_table.public",
            "aws_vpc.this"
          ]
        }
      ]
    },
    {
      "mode": "managed",
      "type": "aws_route_table",
      "name": "private",
      "provider": "provider[\"registry.terraform.io/hashicorp/aws\"]",
      "instances": [
        {
          "index_key": 0,
          "schema_version": 0,
          "attributes": {
            "arn": "arn:aws:ec2:us-east-1:403277717302:route-table/rtb-07824ed3637e8f642",
            "id": "rtb-07824ed3637e8f642",
            "owner_id": "403277717302",
            "propagating_vgws": [],
            "route": [],
            "tags": {
              "Name": "genai-devops-eks-private-rt"
            },
            "tags_all": {
              "ManagedBy": "terraform",
              "Name": "genai-devops-eks-private-rt",
              "Project": "genai-devops-eks"
            },
            "timeouts": null,
            "vpc_id": "vpc-0b6a5d5d7041908a4"
          },
          "sensitive_attributes": [],
          "identity_schema_version": 0,
          "private": "eyJlMmJmYjczMC1lY2FhLTExZTYtOGY4OC0zNDM2M2JjN2M0YzAiOnsiY3JlYXRlIjozMDAwMDAwMDAwMDAsImRlbGV0ZSI6MzAwMDAwMDAwMDAwLCJ1cGRhdGUiOjEyMDAwMDAwMDAwMH19",
          "dependencies": [
            "aws_vpc.this"
          ]
        }
      ]
    },
    {
      "mode": "managed",
      "type": "aws_route_table",
      "name": "public",
      "provider": "provider[\"registry.terraform.io/hashicorp/aws\"]",
      "instances": [
        {
          "index_key": 0,
          "schema_version": 0,
          "attributes": {
            "arn": "arn:aws:ec2:us-east-1:403277717302:route-table/rtb-0aea693d23b5f493b",
            "id": "rtb-0aea693d23b5f493b",
            "owner_id": "403277717302",
            "propagating_vgws": [],
            "route": [
              {
                "carrier_gateway_id": "",
                "cidr_block": "0.0.0.0/0",
                "core_network_arn": "",
                "destination_prefix_list_id": "",
                "egress_only_gateway_id": "",
                "gateway_id": "igw-0f84a7b98288ec859",
                "ipv6_cidr_block": "",
                "local_gateway_id": "",
                "nat_gateway_id": "",
                "network_interface_id": "",
                "transit_gateway_id": "",
                "vpc_endpoint_id": "",
                "vpc_peering_connection_id": ""
              }
            ],
            "tags": {
              "Name": "genai-devops-eks-public-rt"
            },
            "tags_all": {
              "ManagedBy": "terraform",
              "Name": "genai-devops-eks-public-rt",
              "Project": "genai-devops-eks"
            },
            "timeouts": null,
            "vpc_id": "vpc-0b6a5d5d7041908a4"
          },
          "sensitive_attributes": [],
          "identity_schema_version": 0,
          "private": "eyJlMmJmYjczMC1lY2FhLTExZTYtOGY4OC0zNDM2M2JjN2M0YzAiOnsiY3JlYXRlIjozMDAwMDAwMDAwMDAsImRlbGV0ZSI6MzAwMDAwMDAwMDAwLCJ1cGRhdGUiOjEyMDAwMDAwMDAwMH19",
          "dependencies": [
            "aws_vpc.this"
          ]
        }
      ]
    },
    {
      "mode": "managed",
      "type": "aws_route_table_association",
      "name": "private",
      "provider": "provider[\"registry.terraform.io/hashicorp/aws\"]",
      "instances": [
        {
          "index_key": 0,
          "schema_version": 0,
          "attributes": {
            "gateway_id": "",
            "id": "rtbassoc-04397bdd672318d1d",
            "route_table_id": "rtb-07824ed3637e8f642",
            "subnet_id": "subnet-0ed8d7f6e297def40",
            "timeouts": null
          },
          "sensitive_attributes": [],
          "identity_schema_version": 0,
          "private": "eyJlMmJmYjczMC1lY2FhLTExZTYtOGY4OC0zNDM2M2JjN2M0YzAiOnsiY3JlYXRlIjozMDAwMDAwMDAwMDAsImRlbGV0ZSI6MzAwMDAwMDAwMDAwLCJ1cGRhdGUiOjEyMDAwMDAwMDAwMH19",
          "dependencies": [
            "aws_route_table.private",
            "aws_subnet.private",
            "aws_vpc.this",
            "data.aws_availability_zones.available"
          ]
        },
        {
          "index_key": 1,
          "schema_version": 0,
          "attributes": {
            "gateway_id": "",
            "id": "rtbassoc-0c9659fa44bad1d00",
            "route_table_id": "rtb-07824ed3637e8f642",
            "subnet_id": "subnet-0b952259b3ec1fb6f",
            "timeouts": null
          },
          "sensitive_attributes": [],
          "identity_schema_version": 0,
          "private": "eyJlMmJmYjczMC1lY2FhLTExZTYtOGY4OC0zNDM2M2JjN2M0YzAiOnsiY3JlYXRlIjozMDAwMDAwMDAwMDAsImRlbGV0ZSI6MzAwMDAwMDAwMDAwLCJ1cGRhdGUiOjEyMDAwMDAwMDAwMH19",
          "dependencies": [
            "aws_route_table.private",
            "aws_subnet.private",
            "aws_vpc.this",
            "data.aws_availability_zones.available"
          ]
        }
      ]
    },
    {
      "mode": "managed",
      "type": "aws_route_table_association",
      "name": "public",
      "provider": "provider[\"registry.terraform.io/hashicorp/aws\"]",
      "instances": [
        {
          "index_key": 0,
          "schema_version": 0,
          "attributes": {
            "gateway_id": "",
            "id": "rtbassoc-09e8cf2b5d5f52745",
            "route_table_id": "rtb-0aea693d23b5f493b",
            "subnet_id": "subnet-087690da124906976",
            "timeouts": null
          },
          "sensitive_attributes": [],
          "identity_schema_version": 0,
          "private": "eyJlMmJmYjczMC1lY2FhLTExZTYtOGY4OC0zNDM2M2JjN2M0YzAiOnsiY3JlYXRlIjozMDAwMDAwMDAwMDAsImRlbGV0ZSI6MzAwMDAwMDAwMDAwLCJ1cGRhdGUiOjEyMDAwMDAwMDAwMH19",
          "dependencies": [
            "aws_route_table.public",
            "aws_subnet.public",
            "aws_vpc.this",
            "data.aws_availability_zones.available"
          ]
        },
        {
          "index_key": 1,
          "schema_version": 0,
          "attributes": {
            "gateway_id": "",
            "id": "rtbassoc-07268c1992338e12d",
            "route_table_id": "rtb-0aea693d23b5f493b",
            "subnet_id": "subnet-0aa8488d473360d9f",
            "timeouts": null
          },
          "sensitive_attributes": [],
          "identity_schema_version": 0,
          "private": "eyJlMmJmYjczMC1lY2FhLTExZTYtOGY4OC0zNDM2M2JjN2M0YzAiOnsiY3JlYXRlIjozMDAwMDAwMDAwMDAsImRlbGV0ZSI6MzAwMDAwMDAwMDAwLCJ1cGRhdGUiOjEyMDAwMDAwMDAwMH19",
          "dependencies": [
            "aws_route_table.public",
            "aws_subnet.public",
            "aws_vpc.this",
            "data.aws_availability_zones.available"
          ]
        }
      ]
    },
    {
      "mode": "managed",
      "type": "aws_security_group",
      "name": "cluster",
      "provider": "provider[\"registry.terraform.io/hashicorp/aws\"]",
      "instances": [
        {
          "schema_version": 1,
          "attributes": {
            "arn": "arn:aws:ec2:us-east-1:403277717302:security-group/sg-0a1a1f1159f09a2e6",
            "description": "Control plane communication with worker nodes",
            "egress": [
              {
                "cidr_blocks": [
                  "0.0.0.0/0"
                ],
                "description": "",
                "from_port": 0,
                "ipv6_cidr_blocks": [],
                "prefix_list_ids": [],
                "protocol": "-1",
                "security_groups": [],
                "self": false,
                "to_port": 0
              }
            ],
            "id": "sg-0a1a1f1159f09a2e6",
            "ingress": [],
            "name": "genai-devops-eks-cluster-sg",
            "name_prefix": "",
            "owner_id": "403277717302",
            "revoke_rules_on_delete": false,
            "tags": {
              "Name": "genai-devops-eks-cluster-sg"
            },
            "tags_all": {
              "ManagedBy": "terraform",
              "Name": "genai-devops-eks-cluster-sg",
              "Project": "genai-devops-eks"
            },
            "timeouts": null,
            "vpc_id": "vpc-0b6a5d5d7041908a4"
          },
          "sensitive_attributes": [],
          "identity_schema_version": 0,
          "private": "eyJlMmJmYjczMC1lY2FhLTExZTYtOGY4OC0zNDM2M2JjN2M0YzAiOnsiY3JlYXRlIjo2MDAwMDAwMDAwMDAsImRlbGV0ZSI6OTAwMDAwMDAwMDAwfSwic2NoZW1hX3ZlcnNpb24iOiIxIn0=",
          "dependencies": [
            "aws_vpc.this"
          ]
        }
      ]
    },
    {
      "mode": "managed",
      "type": "aws_subnet",
      "name": "private",
      "provider": "provider[\"registry.terraform.io/hashicorp/aws\"]",
      "instances": [
        {
          "index_key": 0,
          "schema_version": 1,
          "attributes": {
            "arn": "arn:aws:ec2:us-east-1:403277717302:subnet/subnet-0ed8d7f6e297def40",
            "assign_ipv6_address_on_creation": false,
            "availability_zone": "us-east-1a",
            "availability_zone_id": "use1-az1",
            "cidr_block": "10.20.32.0/20",
            "customer_owned_ipv4_pool": "",
            "enable_dns64": false,
            "enable_lni_at_device_index": 0,
            "enable_resource_name_dns_a_record_on_launch": false,
            "enable_resource_name_dns_aaaa_record_on_launch": false,
            "id": "subnet-0ed8d7f6e297def40",
            "ipv6_cidr_block": "",
            "ipv6_cidr_block_association_id": "",
            "ipv6_native": false,
            "map_customer_owned_ip_on_launch": false,
            "map_public_ip_on_launch": false,
            "outpost_arn": "",
            "owner_id": "403277717302",
            "private_dns_hostname_type_on_launch": "ip-name",
            "tags": {
              "Name": "genai-devops-eks-private-0",
              "kubernetes.io/cluster/genai-devops-eks": "owned",
              "kubernetes.io/role/internal-elb": "1"
            },
            "tags_all": {
              "ManagedBy": "terraform",
              "Name": "genai-devops-eks-private-0",
              "Project": "genai-devops-eks",
              "kubernetes.io/cluster/genai-devops-eks": "owned",
              "kubernetes.io/role/internal-elb": "1"
            },
            "timeouts": null,
            "vpc_id": "vpc-0b6a5d5d7041908a4"
          },
          "sensitive_attributes": [],
          "identity_schema_version": 0,
          "private": "eyJlMmJmYjczMC1lY2FhLTExZTYtOGY4OC0zNDM2M2JjN2M0YzAiOnsiY3JlYXRlIjo2MDAwMDAwMDAwMDAsImRlbGV0ZSI6MTIwMDAwMDAwMDAwMH0sInNjaGVtYV92ZXJzaW9uIjoiMSJ9",
          "dependencies": [
            "aws_vpc.this",
            "data.aws_availability_zones.available"
          ]
        },
        {
          "index_key": 1,
          "schema_version": 1,
          "attributes": {
            "arn": "arn:aws:ec2:us-east-1:403277717302:subnet/subnet-0b952259b3ec1fb6f",
            "assign_ipv6_address_on_creation": false,
            "availability_zone": "us-east-1b",
            "availability_zone_id": "use1-az2",
            "cidr_block": "10.20.48.0/20",
            "customer_owned_ipv4_pool": "",
            "enable_dns64": false,
            "enable_lni_at_device_index": 0,
            "enable_resource_name_dns_a_record_on_launch": false,
            "enable_resource_name_dns_aaaa_record_on_launch": false,
            "id": "subnet-0b952259b3ec1fb6f",
            "ipv6_cidr_block": "",
            "ipv6_cidr_block_association_id": "",
            "ipv6_native": false,
            "map_customer_owned_ip_on_launch": false,
            "map_public_ip_on_launch": false,
            "outpost_arn": "",
            "owner_id": "403277717302",
            "private_dns_hostname_type_on_launch": "ip-name",
            "tags": {
              "Name": "genai-devops-eks-private-1",
              "kubernetes.io/cluster/genai-devops-eks": "owned",
              "kubernetes.io/role/internal-elb": "1"
            },
            "tags_all": {
              "ManagedBy": "terraform",
              "Name": "genai-devops-eks-private-1",
              "Project": "genai-devops-eks",
              "kubernetes.io/cluster/genai-devops-eks": "owned",
              "kubernetes.io/role/internal-elb": "1"
            },
            "timeouts": null,
            "vpc_id": "vpc-0b6a5d5d7041908a4"
          },
          "sensitive_attributes": [],
          "identity_schema_version": 0,
          "private": "eyJlMmJmYjczMC1lY2FhLTExZTYtOGY4OC0zNDM2M2JjN2M0YzAiOnsiY3JlYXRlIjo2MDAwMDAwMDAwMDAsImRlbGV0ZSI6MTIwMDAwMDAwMDAwMH0sInNjaGVtYV92ZXJzaW9uIjoiMSJ9",
          "dependencies": [
            "aws_vpc.this",
            "data.aws_availability_zones.available"
          ]
        }
      ]
    },
    {
      "mode": "managed",
      "type": "aws_subnet",
      "name": "public",
      "provider": "provider[\"registry.terraform.io/hashicorp/aws\"]",
      "instances": [
        {
          "index_key": 0,
          "schema_version": 1,
          "attributes": {
            "arn": "arn:aws:ec2:us-east-1:403277717302:subnet/subnet-087690da124906976",
            "assign_ipv6_address_on_creation": false,
            "availability_zone": "us-east-1a",
            "availability_zone_id": "use1-az1",
            "cidr_block": "10.20.0.0/20",
            "customer_owned_ipv4_pool": "",
            "enable_dns64": false,
            "enable_lni_at_device_index": 0,
            "enable_resource_name_dns_a_record_on_launch": false,
            "enable_resource_name_dns_aaaa_record_on_launch": false,
            "id": "subnet-087690da124906976",
            "ipv6_cidr_block": "",
            "ipv6_cidr_block_association_id": "",
            "ipv6_native": false,
            "map_customer_owned_ip_on_launch": false,
            "map_public_ip_on_launch": true,
            "outpost_arn": "",
            "owner_id": "403277717302",
            "private_dns_hostname_type_on_launch": "ip-name",
            "tags": {
              "Name": "genai-devops-eks-public-0",
              "kubernetes.io/cluster/genai-devops-eks": "shared",
              "kubernetes.io/role/elb": "1"
            },
            "tags_all": {
              "ManagedBy": "terraform",
              "Name": "genai-devops-eks-public-0",
              "Project": "genai-devops-eks",
              "kubernetes.io/cluster/genai-devops-eks": "shared",
              "kubernetes.io/role/elb": "1"
            },
            "timeouts": null,
            "vpc_id": "vpc-0b6a5d5d7041908a4"
          },
          "sensitive_attributes": [],
          "identity_schema_version": 0,
          "private": "eyJlMmJmYjczMC1lY2FhLTExZTYtOGY4OC0zNDM2M2JjN2M0YzAiOnsiY3JlYXRlIjo2MDAwMDAwMDAwMDAsImRlbGV0ZSI6MTIwMDAwMDAwMDAwMH0sInNjaGVtYV92ZXJzaW9uIjoiMSJ9",
          "dependencies": [
            "aws_vpc.this",
            "data.aws_availability_zones.available"
          ]
        },
        {
          "index_key": 1,
          "schema_version": 1,
          "attributes": {
            "arn": "arn:aws:ec2:us-east-1:403277717302:subnet/subnet-0aa8488d473360d9f",
            "assign_ipv6_address_on_creation": false,
            "availability_zone": "us-east-1b",
            "availability_zone_id": "use1-az2",
            "cidr_block": "10.20.16.0/20",
            "customer_owned_ipv4_pool": "",
            "enable_dns64": false,
            "enable_lni_at_device_index": 0,
            "enable_resource_name_dns_a_record_on_launch": false,
            "enable_resource_name_dns_aaaa_record_on_launch": false,
            "id": "subnet-0aa8488d473360d9f",
            "ipv6_cidr_block": "",
            "ipv6_cidr_block_association_id": "",
            "ipv6_native": false,
            "map_customer_owned_ip_on_launch": false,
            "map_public_ip_on_launch": true,
            "outpost_arn": "",
            "owner_id": "403277717302",
            "private_dns_hostname_type_on_launch": "ip-name",
            "tags": {
              "Name": "genai-devops-eks-public-1",
              "kubernetes.io/cluster/genai-devops-eks": "shared",
              "kubernetes.io/role/elb": "1"
            },
            "tags_all": {
              "ManagedBy": "terraform",
              "Name": "genai-devops-eks-public-1",
              "Project": "genai-devops-eks",
              "kubernetes.io/cluster/genai-devops-eks": "shared",
              "kubernetes.io/role/elb": "1"
            },
            "timeouts": null,
            "vpc_id": "vpc-0b6a5d5d7041908a4"
          },
          "sensitive_attributes": [],
          "identity_schema_version": 0,
          "private": "eyJlMmJmYjczMC1lY2FhLTExZTYtOGY4OC0zNDM2M2JjN2M0YzAiOnsiY3JlYXRlIjo2MDAwMDAwMDAwMDAsImRlbGV0ZSI6MTIwMDAwMDAwMDAwMH0sInNjaGVtYV92ZXJzaW9uIjoiMSJ9",
          "dependencies": [
            "aws_vpc.this",
            "data.aws_availability_zones.available"
          ]
        }
      ]
    },
    {
      "mode": "managed",
      "type": "aws_vpc",
      "name": "this",
      "provider": "provider[\"registry.terraform.io/hashicorp/aws\"]",
      "instances": [
        {
          "index_key": 0,
          "schema_version": 1,
          "attributes": {
            "arn": "arn:aws:ec2:us-east-1:403277717302:vpc/vpc-0b6a5d5d7041908a4",
            "assign_generated_ipv6_cidr_block": false,
            "cidr_block": "10.20.0.0/16",
            "default_network_acl_id": "acl-0bfa94bd7c64d85e4",
            "default_route_table_id": "rtb-0e968d017da4b8958",
            "default_security_group_id": "sg-076cb234860b44fce",
            "dhcp_options_id": "dopt-0448a2caa4dd640a7",
            "enable_dns_hostnames": true,
            "enable_dns_support": true,
            "enable_network_address_usage_metrics": false,
            "id": "vpc-0b6a5d5d7041908a4",
            "instance_tenancy": "default",
            "ipv4_ipam_pool_id": null,
            "ipv4_netmask_length": null,
            "ipv6_association_id": "",
            "ipv6_cidr_block": "",
            "ipv6_cidr_block_network_border_group": "",
            "ipv6_ipam_pool_id": "",
            "ipv6_netmask_length": 0,
            "main_route_table_id": "rtb-0e968d017da4b8958",
            "owner_id": "403277717302",
            "tags": {
              "Name": "genai-devops-eks-vpc"
            },
            "tags_all": {
              "ManagedBy": "terraform",
              "Name": "genai-devops-eks-vpc",
              "Project": "genai-devops-eks"
            }
          },
          "sensitive_attributes": [],
          "identity_schema_version": 0,
          "private": "eyJzY2hlbWFfdmVyc2lvbiI6IjEifQ=="
        }
      ]
    }
  ],
  "check_results": [
    {
      "object_kind": "var",
      "config_addr": "var.existing_public_subnet_ids",
      "status": "pass",
      "objects": [
        {
          "object_addr": "var.existing_public_subnet_ids",
          "status": "pass"
        }
      ]
    },
    {
      "object_kind": "var",
      "config_addr": "var.private_subnet_cidrs",
      "status": "pass",
      "objects": [
        {
          "object_addr": "var.private_subnet_cidrs",
          "status": "pass"
        }
      ]
    },
    {
      "object_kind": "var",
      "config_addr": "var.public_subnet_cidrs",
      "status": "pass",
      "objects": [
        {
          "object_addr": "var.public_subnet_cidrs",
          "status": "pass"
        }
      ]
    },
    {
      "object_kind": "var",
      "config_addr": "var.existing_vpc_id",
      "status": "pass",
      "objects": [
        {
          "object_addr": "var.existing_vpc_id",
          "status": "pass"
        }
      ]
    },
    {
      "object_kind": "var",
      "config_addr": "var.existing_private_subnet_ids",
      "status": "pass",
      "objects": [
        {
          "object_addr": "var.existing_private_subnet_ids",
          "status": "pass"
        }
      ]
    },
    {
      "object_kind": "var",
      "config_addr": "var.node_architecture",
      "status": "pass",
      "objects": [
        {
          "object_addr": "var.node_architecture",
          "status": "pass"
        }
      ]
    }
  ]
}
